
Microsoft Visual Studio Solution File, Format Version 12.00
# Visual Studio Version 16
VisualStudioVersion = 16.0.29209.62
MinimumVisualStudioVersion = 10.0.40219.1
Project("{FAE04EC0-301F-11D3-BF4B-00C04F79EFBC}") = "VvvebJs", "VvvebJs.csproj", "{57270085-10A6-4145-BF8B-459C07F663A1}"
EndProject
Global
	GlobalSection(SolutionConfigurationPlatforms) = preSolution
		Debug|Any CPU = Debug|Any CPU
		Release|Any CPU = Release|Any CPU
	EndGlobalSection
	GlobalSection(ProjectConfigurationPlatforms) = postSolution
		{57270085-10A6-4145-BF8B-459C07F663A1}.Debug|Any CPU.ActiveCfg = Debug|Any CPU
		{57270085-10A6-4145-BF8B-459C07F663A1}.Debug|Any CPU.Build.0 = Debug|Any CPU
		{57270085-10A6-4145-BF8B-459C07F663A1}.Release|Any CPU.ActiveCfg = Release|Any CPU
		{57270085-10A6-4145-BF8B-459C07F663A1}.Release|Any CPU.Build.0 = Release|Any CPU
	EndGlobalSection
	GlobalSection(SolutionProperties) = preSolution
		HideSolutionNode = FALSE
	EndGlobalSection
	GlobalSection(ExtensibilityGlobals) = postSolution
		SolutionGuid = {3B78DF5B-E1F4-4D80-8BDC-DF07C6C5CD68}
	EndGlobalSection
EndGlobal
